
Microsoft Visual Studio Solution File, Format Version 12.00
# Visual Studio 15
Project("{FAE04EC0-301F-11D3-BF4B-00C04F79EFBC}") = "Unity.DCET.Hotfix", "Unity.DCET.Hotfix.csproj", "{7A3262FB-50C8-1A8E-91C3-0FB975761754}"
EndProject
Project("{FAE04EC0-301F-11D3-BF4B-00C04F79EFBC}") = "Unity.DCET.Runtime", "Unity.DCET.Runtime.csproj", "{D60B24E4-9F39-5D30-4061-3E0FC1D44AB7}"
EndProject
Project("{FAE04EC0-301F-11D3-BF4B-00C04F79EFBC}") = "Unity.DCET.Editor", "Unity.DCET.Editor.csproj", "{24CEED74-CA71-EB88-E6A1-43ED7AFD03D7}"
EndProject
Global
	GlobalSection(SolutionConfigurationPlatforms) = preSolution
		Debug|Any CPU = Debug|Any CPU
		Release|Any CPU = Release|Any CPU
	EndGlobalSection
	GlobalSection(ProjectConfigurationPlatforms) = postSolution
		{7A3262FB-50C8-1A8E-91C3-0FB975761754}.Debug|Any CPU.ActiveCfg = Debug|Any CPU
		{7A3262FB-50C8-1A8E-91C3-0FB975761754}.Debug|Any CPU.Build.0 = Debug|Any CPU
		{7A3262FB-50C8-1A8E-91C3-0FB975761754}.Release|Any CPU.ActiveCfg = Release|Any CPU
		{7A3262FB-50C8-1A8E-91C3-0FB975761754}.Release|Any CPU.Build.0 = Release|Any CPU
		{D60B24E4-9F39-5D30-4061-3E0FC1D44AB7}.Debug|Any CPU.ActiveCfg = Debug|Any CPU
		{D60B24E4-9F39-5D30-4061-3E0FC1D44AB7}.Debug|Any CPU.Build.0 = Debug|Any CPU
		{D60B24E4-9F39-5D30-4061-3E0FC1D44AB7}.Release|Any CPU.ActiveCfg = Release|Any CPU
		{D60B24E4-9F39-5D30-4061-3E0FC1D44AB7}.Release|Any CPU.Build.0 = Release|Any CPU
		{24CEED74-CA71-EB88-E6A1-43ED7AFD03D7}.Debug|Any CPU.ActiveCfg = Debug|Any CPU
		{24CEED74-CA71-EB88-E6A1-43ED7AFD03D7}.Debug|Any CPU.Build.0 = Debug|Any CPU
		{24CEED74-CA71-EB88-E6A1-43ED7AFD03D7}.Release|Any CPU.ActiveCfg = Release|Any CPU
		{24CEED74-CA71-EB88-E6A1-43ED7AFD03D7}.Release|Any CPU.Build.0 = Release|Any CPU
	EndGlobalSection
	GlobalSection(SolutionProperties) = preSolution
		HideSolutionNode = FALSE
	EndGlobalSection
EndGlobal
